# This file is automatically @generated by Poetry 2.0.1 and should not be changed by hand.

[[package]]
name = "emoji"
version = "2.14.1"
description = "Emoji for Python"
optional = false
python-versions = ">=3.7"
groups = ["main"]
files = [
    {file = "emoji-2.14.1-py3-none-any.whl", hash = "sha256:35a8a486c1460addb1499e3bf7929d3889b2e2841a57401903699fef595e942b"},
    {file = "emoji-2.14.1.tar.gz", hash = "sha256:f8c50043d79a2c1410ebfae833ae1868d5941a67a6cd4d18377e2eb0bd79346b"},
]

[package.extras]
dev = ["coverage", "pytest (>=7.4.4)"]

[metadata]
lock-version = "2.1"
python-versions = ">=3.12"
content-hash = "472d6ff6e9a216499eea0952e034f55a0056900adb9d5dede57a19fa48aaf851"
